
Microsoft Visual Studio Solution File, Format Version 12.00
# Visual Studio 14
VisualStudioVersion = 14.0.25420.1
MinimumVisualStudioVersion = 10.0.40219.1
Project("{FAE04EC0-301F-11D3-BF4B-00C04F79EFBC}") = "DockerLabWebApi", "DockerLabWebApi\DockerLabWebApi.csproj", "{C4FF24EF-3301-4B0A-B915-EEE05A222E23}"
EndProject
Project("{2150E333-8FDC-42A3-9474-1A3956D46DE8}") = "Solution Items", "Solution Items", "{854EB548-4857-4D03-A242-4B871F885B0A}"
	ProjectSection(SolutionItems) = preProject
		Dockerfile = Dockerfile
		Dockerfile_1 = Dockerfile_1
		Dockerfile_2 = Dockerfile_2
	EndProjectSection
EndProject
Project("{8BB2217D-0F2D-49D1-97BC-3654ED321F3B}") = "WebApiCore", "WebApiCore\WebApiCore.xproj", "{680AF15D-2024-4AD9-8FD8-D90873951AC0}"
EndProject
Project("{8BB2217D-0F2D-49D1-97BC-3654ED321F3B}") = "WebApiCoreInvoker", "WebApiCoreInvoker\WebApiCoreInvoker.xproj", "{344AFA80-5C51-48C9-BCF5-B00234DE0425}"
EndProject
Global
	GlobalSection(SolutionConfigurationPlatforms) = preSolution
		Debug|Any CPU = Debug|Any CPU
		Release|Any CPU = Release|Any CPU
	EndGlobalSection
	GlobalSection(ProjectConfigurationPlatforms) = postSolution
		{C4FF24EF-3301-4B0A-B915-EEE05A222E23}.Debug|Any CPU.ActiveCfg = Debug|Any CPU
		{C4FF24EF-3301-4B0A-B915-EEE05A222E23}.Debug|Any CPU.Build.0 = Debug|Any CPU
		{C4FF24EF-3301-4B0A-B915-EEE05A222E23}.Release|Any CPU.ActiveCfg = Release|Any CPU
		{C4FF24EF-3301-4B0A-B915-EEE05A222E23}.Release|Any CPU.Build.0 = Release|Any CPU
		{680AF15D-2024-4AD9-8FD8-D90873951AC0}.Debug|Any CPU.ActiveCfg = Debug|Any CPU
		{680AF15D-2024-4AD9-8FD8-D90873951AC0}.Debug|Any CPU.Build.0 = Debug|Any CPU
		{680AF15D-2024-4AD9-8FD8-D90873951AC0}.Release|Any CPU.ActiveCfg = Release|Any CPU
		{680AF15D-2024-4AD9-8FD8-D90873951AC0}.Release|Any CPU.Build.0 = Release|Any CPU
		{344AFA80-5C51-48C9-BCF5-B00234DE0425}.Debug|Any CPU.ActiveCfg = Debug|Any CPU
		{344AFA80-5C51-48C9-BCF5-B00234DE0425}.Debug|Any CPU.Build.0 = Debug|Any CPU
		{344AFA80-5C51-48C9-BCF5-B00234DE0425}.Release|Any CPU.ActiveCfg = Release|Any CPU
		{344AFA80-5C51-48C9-BCF5-B00234DE0425}.Release|Any CPU.Build.0 = Release|Any CPU
	EndGlobalSection
	GlobalSection(SolutionProperties) = preSolution
		HideSolutionNode = FALSE
	EndGlobalSection
EndGlobal
